PODS:
  - APAddressBook (0.1.2):
    - APAddressBook/Core
  - APAddressBook/Core (0.1.2)
  - DRPStarterKit (1.0.0):
    - APAddressBook
    - ECPhoneNumberFormatter
    - GoogleAnalytics-iOS-SDK
    - GPUImage
    - MBProgressHUD
    - ReactiveCocoa
  - ECPhoneNumberFormatter (0.1.1)
  - GoogleAnalytics-iOS-SDK (3.0.9)
  - GPUImage (0.1.5)
  - MBProgressHUD (0.9)
  - ReactiveCocoa (2.3.1):
    - ReactiveCocoa/UI
  - ReactiveCocoa/Core (2.3.1):
    - ReactiveCocoa/no-arc
  - ReactiveCocoa/no-arc (2.3.1)
  - ReactiveCocoa/UI (2.3.1):
    - ReactiveCocoa/Core

DEPENDENCIES:
  - DRPStarterKit (from `~/dropbox_personal/Projects/Private Pods/DRPStarterKit`)

EXTERNAL SOURCES:
  DRPStarterKit:
    :path: ~/dropbox_personal/Projects/Private Pods/DRPStarterKit

SPEC CHECKSUMS:
  APAddressBook: 11c6a76dd2e7fb2187b0775fec15ed0d0461b474
  DRPStarterKit: c81b997dc02bdde32eb34b36eaacfb47313a4cc0
  ECPhoneNumberFormatter: 5e178027d1d43472187c3f623e7b69b89fdb3187
  GoogleAnalytics-iOS-SDK: d9e198b1f955259a72886769be7377cdfcdb2250
  GPUImage: 5114a47f5fc33eb312f3731550a3cea379416d04
  MBProgressHUD: 2038dbcf3dce73215abed6001657043d53aa79a8
  ReactiveCocoa: dca75777b9d18990c8714a3a6f2149f29b4d1462

COCOAPODS: 0.33.1
